// !$*UTF8*$!
{
	archiveVersion = 1;
	classes = {
	};
	objectVersion = 46;
	objects = {

/* Begin PBXBuildFile section */
		34484CB71CB03BD100C1A36E /* main.cpp in Sources */ = {isa = PBXBuildFile; fileRef = 34484CB61CB03BD100C1A36E /* main.cpp */; };
/* End PBXBuildFile section */

/* Begin PBXCopyFilesBuildPhase section */
		34484CB11CB03BD100C1A36E /* CopyFiles */ = {
			isa = PBXCopyFilesBuildPhase;
			buildActionMask = 2147483647;
			dstPath = /usr/share/man/man1/;
			dstSubfolderSpec = 0;
			files = (
			);
			runOnlyForDeploymentPostprocessing = 1;
		};
/* End PBXCopyFilesBuildPhase section */

/* Begin PBXFileReference section */
		34484CB31CB03BD100C1A36E /* CompSciProject4 */ = {isa = PBXFileReference; explicitFileType = "compiled.mach-o.executable"; includeInIndex = 0; path = CompSciProject4; sourceTree = BUILT_PRODUCTS_DIR; };
		34484CB61CB03BD100C1A36E /* main.cpp */ = {isa = PBXFileReference; lastKnownFileType = sourcecode.cpp.cpp; path = main.cpp; sourceTree = "<group>"; };
/* End PBXFileReference section */

/* Begin PBXFrameworksBuildPhase section */
		34484CB01CB03BD100C1A36E /* Frameworks */ = {
			isa = PBXFrameworksBuildPhase;
			buildActionMask = 2147483647;
			files = (
			);
			runOnlyForDeploymentPostprocessing = 0;
		};
/* End PBXFrameworksBuildPhase section */

/* Begin PBXGroup section */
		34484CAA1CB03BD100C1A36E = {
			isa = PBXGroup;
			children = (
				34484CB51CB03BD100C1A36E /* CompSciProject4 */,
				34484CB41CB03BD100C1A36E /* Products */,
			);
			sourceTree = "<group>";
		};
		34484CB41CB03BD100C1A36E /* Products */ = {
			isa = PBXGroup;
			children = (
				34484CB31CB03BD100C1A36E /* CompSciProject4 */,
			);
			name = Products;
			sourceTree = "<group>";
		};
		34484CB51CB03BD100C1A36E /* CompSciProject4 */ = {
			isa = PBXGroup;
			children = (
				34484CB61CB03BD100C1A36E /* main.cpp */,
			);
			path = CompSciProject4;
			sourceTree = "<group>";
		};
/* End PBXGroup section */

/* Begin PBXNativeTarget section */
		34484CB21CB03BD100C1A36E /* CompSciProject4 */ = {
			isa = PBXNativeTarget;
			buildConfigurationList = 34484CBA1CB03BD100C1A36E /* Build configuration list for PBXNativeTarget "CompSciProject4" */;
			buildPhases = (
				34484CAF1CB03BD100C1A36E /* Sources */,
				34484CB01CB03BD100C1A36E /* Frameworks */,
				34484CB11CB03BD100C1A36E /* CopyFiles */,
			);
			buildRules = (
			);
			dependencies = (
			);
			name = CompSciProject4;
			productName = CompSciProject4;
			productReference = 34484CB31CB03BD100C1A36E /* CompSciProject4 */;
			productType = "com.apple.product-type.tool";
		};
/* End PBXNativeTarget section */

/* Begin PBXProject section */
		34484CAB1CB03BD100C1A36E /* Project object */ = {
			isa = PBXProject;
			attributes = {
				LastUpgradeCheck = 0720;
				ORGANIZATIONNAME = Matthew;
				TargetAttributes = {
					34484CB21CB03BD100C1A36E = {
						CreatedOnToolsVersion = 7.2;
					};
				};
			};
			buildConfigurationList = 34484CAE1CB03BD100C1A36E /* Build configuration list for PBXProject "CompSciProject4" */;
			compatibilityVersion = "Xcode 3.2";
			developmentRegion = English;
			hasScannedForEncodings = 0;
			knownRegions = (
				en,
			);
			mainGroup = 34484CAA1CB03BD100C1A36E;
			productRefGroup = 34484CB41CB03BD100C1A36E /* Products */;
			projectDirPath = "";
			projectRoot = "";
			targets = (
				34484CB21CB03BD100C1A36E /* CompSciProject4 */,
			);
		};
/* End PBXProject section */

/* Begin PBXSourcesBuildPhase section */
		34484CAF1CB03BD100C1A36E /* Sources */ = {
			isa = PBXSourcesBuildPhase;
			buildActionMask = 2147483647;
			files = (
				34484CB71CB03BD100C1A36E /* main.cpp in Sources */,
			);
			runOnlyForDeploymentPostprocessing = 0;
		};
/* End PBXSourcesBuildPhase section */

/* Begin XCBuildConfiguration section */
		34484CB81CB03BD100C1A36E /* Debug */ = {
			isa = XCBuildConfiguration;
			buildSettings = {
				ALWAYS_SEARCH_USER_PATHS = NO;
				CLANG_CXX_LANGUAGE_STANDARD = "gnu++0x";
				CLANG_CXX_LIBRARY = "libc++";
				CLANG_ENABLE_MODULES = YES;
				CLANG_ENABLE_OBJC_ARC = YES;
				CLANG_WARN_BOOL_CONVERSION = YES;
				CLANG_WARN_CONSTANT_CONVERSION = YES;
				CLANG_WARN_DIRECT_OBJC_ISA_USAGE = YES_ERROR;
				CLANG_WARN_EMPTY_BODY = YES;
				CLANG_WARN_ENUM_CONVERSION = YES;
				CLANG_WARN_INT_CONVERSION = YES;
				CLANG_WARN_OBJC_ROOT_CLASS = YES_ERROR;
				CLANG_WARN_UNREACHABLE_CODE = YES;
				CLANG_WARN__DUPLICATE_METHOD_MATCH = YES;
				CODE_SIGN_IDENTITY = "-";
				COPY_PHASE_STRIP = NO;
				DEBUG_INFORMATION_FORMAT = dwarf;
				ENABLE_STRICT_OBJC_MSGSEND = YES;
				ENABLE_TESTABILITY = YES;
				GCC_C_LANGUAGE_STANDARD = gnu99;
				GCC_DYNAMIC_NO_PIC = NO;
				GCC_NO_COMMON_BLOCKS = YES;
				GCC_OPTIMIZATION_LEVEL = 0;
				GCC_PREPROCESSOR_DEFINITIONS = (
					"DEBUG=1",
					"$(inherited)",
				);
				GCC_WARN_64_TO_32_BIT_CONVERSION = YES;
				GCC_WARN_ABOUT_RETURN_TYPE = YES_ERROR;
				GCC_WARN_UNDECLARED_SELECTOR = YES;
				GCC_WARN_UNINITIALIZED_AUTOS = YES_AGGRESSIVE;
				GCC_WARN_UNUSED_FUNCTION = YES;
				GCC_WARN_UNUSED_VARIABLE = YES;
				MACOSX_DEPLOYMENT_TARGET = 10.10;
				MTL_ENABLE_DEBUG_INFO = YES;
				ONLY_ACTIVE_ARCH = YES;
				SDKROOT = macosx;
			};
			name = Debug;
		};
		34484CB91CB03BD100C1A36E /* Release */ = {
			isa = XCBuildConfiguration;
			buildSettings = {
				ALWAYS_SEARCH_USER_PATHS = NO;
				CLANG_CXX_LANGUAGE_STANDARD = "gnu++0x";
				CLANG_CXX_LIBRARY = "libc++";
				CLANG_ENABLE_MODULES = YES;
				CLANG_ENABLE_OBJC_ARC = YES;
				CLANG_WARN_BOOL_CONVERSION = YES;
				CLANG_WARN_CONSTANT_CONVERSION = YES;
				CLANG_WARN_DIRECT_OBJC_ISA_USAGE = YES_ERROR;
				CLANG_WARN_EMPTY_BODY = YES;
				CLANG_WARN_ENUM_CONVERSION = YES;
				CLANG_WARN_INT_CONVERSION = YES;
				CLANG_WARN_OBJC_ROOT_CLASS = YES_ERROR;
				CLANG_WARN_UNREACHABLE_CODE = YES;
				CLANG_WARN__DUPLICATE_METHOD_MATCH = YES;
				CODE_SIGN_IDENTITY = "-";
				COPY_PHASE_STRIP = NO;
				DEBUG_INFORMATION_FORMAT = "dwarf-with-dsym";
				ENABLE_NS_ASSERTIONS = NO;
				ENABLE_STRICT_OBJC_MSGSEND = YES;
				GCC_C_LANGUAGE_STANDARD = gnu99;
				GCC_NO_COMMON_BLOCKS = YES;
				GCC_WARN_64_TO_32_BIT_CONVERSION = YES;
				GCC_WARN_ABOUT_RETURN_TYPE = YES_ERROR;
				GCC_WARN_UNDECLARED_SELECTOR = YES;
				GCC_WARN_UNINITIALIZED_AUTOS = YES_AGGRESSIVE;
				GCC_WARN_UNUSED_FUNCTION = YES;
				GCC_WARN_UNUSED_VARIABLE = YES;
				MACOSX_DEPLOYMENT_TARGET = 10.10;
				MTL_ENABLE_DEBUG_INFO = NO;
				SDKROOT = macosx;
			};
			name = Release;
		};
		34484CBB1CB03BD100C1A36E /* Debug */ = {
			isa = XCBuildConfiguration;
			buildSettings = {
				PRODUCT_NAME = "$(TARGET_NAME)";
			};
			name = Debug;
		};
		34484CBC1CB03BD100C1A36E /* Release */ = {
			isa = XCBuildConfiguration;
			buildSettings = {
				PRODUCT_NAME = "$(TARGET_NAME)";
			};
			name = Release;
		};
/* End XCBuildConfiguration section */

/* Begin XCConfigurationList section */
		34484CAE1CB03BD100C1A36E /* Build configuration list for PBXProject "CompSciProject4" */ = {
			isa = XCConfigurationList;
			buildConfigurations = (
				34484CB81CB03BD100C1A36E /* Debug */,
				34484CB91CB03BD100C1A36E /* Release */,
			);
			defaultConfigurationIsVisible = 0;
			defaultConfigurationName = Release;
		};
		34484CBA1CB03BD100C1A36E /* Build configuration list for PBXNativeTarget "CompSciProject4" */ = {
			isa = XCConfigurationList;
			buildConfigurations = (
				34484CBB1CB03BD100C1A36E /* Debug */,
				34484CBC1CB03BD100C1A36E /* Release */,
			);
			defaultConfigurationIsVisible = 0;
		};
/* End XCConfigurationList section */
	};
	rootObject = 34484CAB1CB03BD100C1A36E /* Project object */;
}
